{
  "object": {
    "pins": [
      {
        "package": "Codextended",
        "repositoryURL": "https://github.com/johnsundell/codextended.git",
        "state": {
          "branch": null,
          "revision": "8d7c46dfc9c55240870cf5561d6cefa41e3d7105",
          "version": "0.3.0"
        }
      },
      {
        "package": "Commandant",
        "repositoryURL": "https://github.com/Carthage/Commandant.git",
        "state": {
          "branch": null,
          "revision": "ab68611013dec67413628ac87c1f29e8427bc8e4",
          "version": "0.17.0"
        }
      },
      {
        "package": "CwlCatchException",
        "repositoryURL": "https://github.com/mattgallagher/CwlCatchException.git",
        "state": {
          "branch": null,
          "revision": "7cd2f8cacc4d22f21bc0b2309c3b18acf7957b66",
          "version": "1.2.0"
        }
      },
      {
        "package": "CwlPreconditionTesting",
        "repositoryURL": "https://github.com/mattgallagher/CwlPreconditionTesting.git",
        "state": {
          "branch": null,
          "revision": "c228db5d2ad1b01ebc84435e823e6cca4e3db98b",
          "version": "1.2.0"
        }
      },
      {
        "package": "Files",
        "repositoryURL": "https://github.com/johnsundell/files.git",
        "state": {
          "branch": null,
          "revision": "22fe84797d499ffca911ccd896b34efaf06a50b9",
          "version": "4.1.1"
        }
      },
      {
        "package": "Ink",
        "repositoryURL": "https://github.com/johnsundell/ink.git",
        "state": {
          "branch": null,
          "revision": "c88bbce588a1ebfde2cf4d61eb9865a3edaa27d4",
          "version": "0.2.0"
        }
      },
      {
        "package": "Nimble",
        "repositoryURL": "https://github.com/Quick/Nimble.git",
        "state": {
          "branch": null,
          "revision": "b02b00b30b6353632aa4a5fb6124f8147f7140c0",
          "version": "8.0.5"
        }
      },
      {
        "package": "Plot",
        "repositoryURL": "https://github.com/johnsundell/plot.git",
        "state": {
          "branch": null,
          "revision": "ccabb2674ca0d9ccfabd5e7c0c44c6cca6c827fb",
          "version": "0.5.0"
        }
      },
      {
        "package": "Publish",
        "repositoryURL": "https://github.com/JohnSundell/Publish.git",
        "state": {
          "branch": null,
          "revision": "c1bde99ec71f992cbe7dec6310759b14258567a8",
          "version": "0.3.0"
        }
      },
      {
        "package": "Quick",
        "repositoryURL": "https://github.com/Quick/Quick.git",
        "state": {
          "branch": null,
          "revision": "33682c2f6230c60614861dfc61df267e11a1602f",
          "version": "2.2.0"
        }
      },
      {
        "package": "ShellOut",
        "repositoryURL": "https://github.com/johnsundell/shellout.git",
        "state": {
          "branch": null,
          "revision": "e1577acf2b6e90086d01a6d5e2b8efdaae033568",
          "version": "2.3.0"
        }
      },
      {
        "package": "SourceKitten",
        "repositoryURL": "https://github.com/jpsim/SourceKitten.git",
        "state": {
          "branch": null,
          "revision": "97b5848e5692150d75b5cf0b81d7ebef5f4d5071",
          "version": "0.28.0"
        }
      },
      {
        "package": "Splash",
        "repositoryURL": "https://github.com/johnsundell/splash.git",
        "state": {
          "branch": null,
          "revision": "4da9bbd0bc14d5774b112fc4bb1859d5a67fb478",
          "version": "0.10.0"
        }
      },
      {
        "package": "SplashPublishPlugin",
        "repositoryURL": "https://github.com/JohnSundell/SplashPublishPlugin",
        "state": {
          "branch": null,
          "revision": "34bb50bd83b2a40c63afc35f090c76619dc149ce",
          "version": "0.1.0"
        }
      },
      {
        "package": "Sweep",
        "repositoryURL": "https://github.com/johnsundell/sweep.git",
        "state": {
          "branch": null,
          "revision": "d357d12c9558e51f037bf2f956d5cf6c73dc0d44",
          "version": "0.3.0"
        }
      },
      {
        "package": "SwiftLint",
        "repositoryURL": "https://github.com/realm/SwiftLint.git",
        "state": {
          "branch": null,
          "revision": "76d44cff391645a7f4d5ba2bf1853afaf3f5c1fb",
          "version": "0.38.2"
        }
      },
      {
        "package": "SwiftyTextTable",
        "repositoryURL": "https://github.com/scottrhoyt/SwiftyTextTable.git",
        "state": {
          "branch": null,
          "revision": "c6df6cf533d120716bff38f8ff9885e1ce2a4ac3",
          "version": "0.9.0"
        }
      },
      {
        "package": "SWXMLHash",
        "repositoryURL": "https://github.com/drmohundro/SWXMLHash.git",
        "state": {
          "branch": null,
          "revision": "a4931e5c3bafbedeb1601d3bb76bbe835c6d475a",
          "version": "5.0.1"
        }
      },
      {
        "package": "Yams",
        "repositoryURL": "https://github.com/jpsim/Yams.git",
        "state": {
          "branch": null,
          "revision": "c947a306d2e80ecb2c0859047b35c73b8e1ca27f",
          "version": "2.0.0"
        }
      }
    ]
  },
  "version": 1
}
